
Microsoft Visual Studio Solution File, Format Version 11.00
# Visual Studio Version 16
Project("{8BC9CEB8-8B4A-11D0-8D11-00A0C91BC942}") = "3d", "3d.vcxproj", "{08B5DBF1-E166-4BA5-99DB-0986FD4B3EDD}"
EndProject
Project("{8BC9CEB8-8B4A-11D0-8D11-00A0C91BC942}") = "3d_multi", "3d_multi.vcxproj", "{37299485-27E0-41B2-BCD4-9B12E0C1F89D}"
EndProject
Project("{8BC9CEB8-8B4A-11D0-8D11-00A0C91BC942}") = "event_parameter", "event_parameter.vcxproj", "{599D1B31-8A39-4589-90FB-36D62C1FF333}"
EndProject
Project("{8BC9CEB8-8B4A-11D0-8D11-00A0C91BC942}") = "load_banks", "load_banks.vcxproj", "{FA04D634-6651-4EF4-927F-1F142C2FF46C}"
EndProject
Project("{8BC9CEB8-8B4A-11D0-8D11-00A0C91BC942}") = "music_callbacks", "music_callbacks.vcxproj", "{F58B01CD-F249-4D77-B6EC-5FF853EF50D1}"
EndProject
Project("{8BC9CEB8-8B4A-11D0-8D11-00A0C91BC942}") = "objectpan", "objectpan.vcxproj", "{D21E115D-2996-4F47-98E4-26067E36BE5D}"
EndProject
Project("{8BC9CEB8-8B4A-11D0-8D11-00A0C91BC942}") = "programmer_sound", "programmer_sound.vcxproj", "{31FC2AF9-2656-48D7-8436-E7BD6E4CE2E9}"
EndProject
Project("{8BC9CEB8-8B4A-11D0-8D11-00A0C91BC942}") = "recording_playback", "recording_playback.vcxproj", "{9A89B7F6-7869-4AE0-95B3-BA3816394F88}"
EndProject
Project("{8BC9CEB8-8B4A-11D0-8D11-00A0C91BC942}") = "simple_event", "simple_event.vcxproj", "{7F6E73A3-4656-40BC-824C-4E7EE79E7ADB}"
EndProject
Global
	GlobalSection(SolutionConfigurationPlatforms) = preSolution
		Debug|Win32 = Debug|Win32
		Debug|x64 = Debug|x64
		Release|Win32 = Release|Win32
		Release|x64 = Release|x64
	EndGlobalSection
	GlobalSection(ProjectConfigurationPlatforms) = postSolution
		{08B5DBF1-E166-4BA5-99DB-0986FD4B3EDD}.Debug|Win32.ActiveCfg = Debug|Win32
		{08B5DBF1-E166-4BA5-99DB-0986FD4B3EDD}.Debug|Win32.Build.0 = Debug|Win32
		{08B5DBF1-E166-4BA5-99DB-0986FD4B3EDD}.Debug|Win32.Deploy.0 = Debug|Win32
		{08B5DBF1-E166-4BA5-99DB-0986FD4B3EDD}.Debug|x64.ActiveCfg = Debug|x64
		{08B5DBF1-E166-4BA5-99DB-0986FD4B3EDD}.Debug|x64.Build.0 = Debug|x64
		{08B5DBF1-E166-4BA5-99DB-0986FD4B3EDD}.Debug|x64.Deploy.0 = Debug|x64
		{08B5DBF1-E166-4BA5-99DB-0986FD4B3EDD}.Release|Win32.ActiveCfg = Release|Win32
		{08B5DBF1-E166-4BA5-99DB-0986FD4B3EDD}.Release|Win32.Build.0 = Release|Win32
		{08B5DBF1-E166-4BA5-99DB-0986FD4B3EDD}.Release|Win32.Deploy.0 = Release|Win32
		{08B5DBF1-E166-4BA5-99DB-0986FD4B3EDD}.Release|x64.ActiveCfg = Release|x64
		{08B5DBF1-E166-4BA5-99DB-0986FD4B3EDD}.Release|x64.Build.0 = Release|x64
		{08B5DBF1-E166-4BA5-99DB-0986FD4B3EDD}.Release|x64.Deploy.0 = Release|x64
		{37299485-27E0-41B2-BCD4-9B12E0C1F89D}.Debug|Win32.ActiveCfg = Debug|Win32
		{37299485-27E0-41B2-BCD4-9B12E0C1F89D}.Debug|Win32.Build.0 = Debug|Win32
		{37299485-27E0-41B2-BCD4-9B12E0C1F89D}.Debug|Win32.Deploy.0 = Debug|Win32
		{37299485-27E0-41B2-BCD4-9B12E0C1F89D}.Debug|x64.ActiveCfg = Debug|x64
		{37299485-27E0-41B2-BCD4-9B12E0C1F89D}.Debug|x64.Build.0 = Debug|x64
		{37299485-27E0-41B2-BCD4-9B12E0C1F89D}.Debug|x64.Deploy.0 = Debug|x64
		{37299485-27E0-41B2-BCD4-9B12E0C1F89D}.Release|Win32.ActiveCfg = Release|Win32
		{37299485-27E0-41B2-BCD4-9B12E0C1F89D}.Release|Win32.Build.0 = Release|Win32
		{37299485-27E0-41B2-BCD4-9B12E0C1F89D}.Release|Win32.Deploy.0 = Release|Win32
		{37299485-27E0-41B2-BCD4-9B12E0C1F89D}.Release|x64.ActiveCfg = Release|x64
		{37299485-27E0-41B2-BCD4-9B12E0C1F89D}.Release|x64.Build.0 = Release|x64
		{37299485-27E0-41B2-BCD4-9B12E0C1F89D}.Release|x64.Deploy.0 = Release|x64
		{599D1B31-8A39-4589-90FB-36D62C1FF333}.Debug|Win32.ActiveCfg = Debug|Win32
		{599D1B31-8A39-4589-90FB-36D62C1FF333}.Debug|Win32.Build.0 = Debug|Win32
		{599D1B31-8A39-4589-90FB-36D62C1FF333}.Debug|Win32.Deploy.0 = Debug|Win32
		{599D1B31-8A39-4589-90FB-36D62C1FF333}.Debug|x64.ActiveCfg = Debug|x64
		{599D1B31-8A39-4589-90FB-36D62C1FF333}.Debug|x64.Build.0 = Debug|x64
		{599D1B31-8A39-4589-90FB-36D62C1FF333}.Debug|x64.Deploy.0 = Debug|x64
		{599D1B31-8A39-4589-90FB-36D62C1FF333}.Release|Win32.ActiveCfg = Release|Win32
		{599D1B31-8A39-4589-90FB-36D62C1FF333}.Release|Win32.Build.0 = Release|Win32
		{599D1B31-8A39-4589-90FB-36D62C1FF333}.Release|Win32.Deploy.0 = Release|Win32
		{599D1B31-8A39-4589-90FB-36D62C1FF333}.Release|x64.ActiveCfg = Release|x64
		{599D1B31-8A39-4589-90FB-36D62C1FF333}.Release|x64.Build.0 = Release|x64
		{599D1B31-8A39-4589-90FB-36D62C1FF333}.Release|x64.Deploy.0 = Release|x64
		{FA04D634-6651-4EF4-927F-1F142C2FF46C}.Debug|Win32.ActiveCfg = Debug|Win32
		{FA04D634-6651-4EF4-927F-1F142C2FF46C}.Debug|Win32.Build.0 = Debug|Win32
		{FA04D634-6651-4EF4-927F-1F142C2FF46C}.Debug|Win32.Deploy.0 = Debug|Win32
		{FA04D634-6651-4EF4-927F-1F142C2FF46C}.Debug|x64.ActiveCfg = Debug|x64
		{FA04D634-6651-4EF4-927F-1F142C2FF46C}.Debug|x64.Build.0 = Debug|x64
		{FA04D634-6651-4EF4-927F-1F142C2FF46C}.Debug|x64.Deploy.0 = Debug|x64
		{FA04D634-6651-4EF4-927F-1F142C2FF46C}.Release|Win32.ActiveCfg = Release|Win32
		{FA04D634-6651-4EF4-927F-1F142C2FF46C}.Release|Win32.Build.0 = Release|Win32
		{FA04D634-6651-4EF4-927F-1F142C2FF46C}.Release|Win32.Deploy.0 = Release|Win32
		{FA04D634-6651-4EF4-927F-1F142C2FF46C}.Release|x64.ActiveCfg = Release|x64
		{FA04D634-6651-4EF4-927F-1F142C2FF46C}.Release|x64.Build.0 = Release|x64
		{FA04D634-6651-4EF4-927F-1F142C2FF46C}.Release|x64.Deploy.0 = Release|x64
		{F58B01CD-F249-4D77-B6EC-5FF853EF50D1}.Debug|Win32.ActiveCfg = Debug|Win32
		{F58B01CD-F249-4D77-B6EC-5FF853EF50D1}.Debug|Win32.Build.0 = Debug|Win32
		{F58B01CD-F249-4D77-B6EC-5FF853EF50D1}.Debug|Win32.Deploy.0 = Debug|Win32
		{F58B01CD-F249-4D77-B6EC-5FF853EF50D1}.Debug|x64.ActiveCfg = Debug|x64
		{F58B01CD-F249-4D77-B6EC-5FF853EF50D1}.Debug|x64.Build.0 = Debug|x64
		{F58B01CD-F249-4D77-B6EC-5FF853EF50D1}.Debug|x64.Deploy.0 = Debug|x64
		{F58B01CD-F249-4D77-B6EC-5FF853EF50D1}.Release|Win32.ActiveCfg = Release|Win32
		{F58B01CD-F249-4D77-B6EC-5FF853EF50D1}.Release|Win32.Build.0 = Release|Win32
		{F58B01CD-F249-4D77-B6EC-5FF853EF50D1}.Release|Win32.Deploy.0 = Release|Win32
		{F58B01CD-F249-4D77-B6EC-5FF853EF50D1}.Release|x64.ActiveCfg = Release|x64
		{F58B01CD-F249-4D77-B6EC-5FF853EF50D1}.Release|x64.Build.0 = Release|x64
		{F58B01CD-F249-4D77-B6EC-5FF853EF50D1}.Release|x64.Deploy.0 = Release|x64
		{D21E115D-2996-4F47-98E4-26067E36BE5D}.Debug|Win32.ActiveCfg = Debug|Win32
		{D21E115D-2996-4F47-98E4-26067E36BE5D}.Debug|Win32.Build.0 = Debug|Win32
		{D21E115D-2996-4F47-98E4-26067E36BE5D}.Debug|Win32.Deploy.0 = Debug|Win32
		{D21E115D-2996-4F47-98E4-26067E36BE5D}.Debug|x64.ActiveCfg = Debug|x64
		{D21E115D-2996-4F47-98E4-26067E36BE5D}.Debug|x64.Build.0 = Debug|x64
		{D21E115D-2996-4F47-98E4-26067E36BE5D}.Debug|x64.Deploy.0 = Debug|x64
		{D21E115D-2996-4F47-98E4-26067E36BE5D}.Release|Win32.ActiveCfg = Release|Win32
		{D21E115D-2996-4F47-98E4-26067E36BE5D}.Release|Win32.Build.0 = Release|Win32
		{D21E115D-2996-4F47-98E4-26067E36BE5D}.Release|Win32.Deploy.0 = Release|Win32
		{D21E115D-2996-4F47-98E4-26067E36BE5D}.Release|x64.ActiveCfg = Release|x64
		{D21E115D-2996-4F47-98E4-26067E36BE5D}.Release|x64.Build.0 = Release|x64
		{D21E115D-2996-4F47-98E4-26067E36BE5D}.Release|x64.Deploy.0 = Release|x64
		{31FC2AF9-2656-48D7-8436-E7BD6E4CE2E9}.Debug|Win32.ActiveCfg = Debug|Win32
		{31FC2AF9-2656-48D7-8436-E7BD6E4CE2E9}.Debug|Win32.Build.0 = Debug|Win32
		{31FC2AF9-2656-48D7-8436-E7BD6E4CE2E9}.Debug|Win32.Deploy.0 = Debug|Win32
		{31FC2AF9-2656-48D7-8436-E7BD6E4CE2E9}.Debug|x64.ActiveCfg = Debug|x64
		{31FC2AF9-2656-48D7-8436-E7BD6E4CE2E9}.Debug|x64.Build.0 = Debug|x64
		{31FC2AF9-2656-48D7-8436-E7BD6E4CE2E9}.Debug|x64.Deploy.0 = Debug|x64
		{31FC2AF9-2656-48D7-8436-E7BD6E4CE2E9}.Release|Win32.ActiveCfg = Release|Win32
		{31FC2AF9-2656-48D7-8436-E7BD6E4CE2E9}.Release|Win32.Build.0 = Release|Win32
		{31FC2AF9-2656-48D7-8436-E7BD6E4CE2E9}.Release|Win32.Deploy.0 = Release|Win32
		{31FC2AF9-2656-48D7-8436-E7BD6E4CE2E9}.Release|x64.ActiveCfg = Release|x64
		{31FC2AF9-2656-48D7-8436-E7BD6E4CE2E9}.Release|x64.Build.0 = Release|x64
		{31FC2AF9-2656-48D7-8436-E7BD6E4CE2E9}.Release|x64.Deploy.0 = Release|x64
		{9A89B7F6-7869-4AE0-95B3-BA3816394F88}.Debug|Win32.ActiveCfg = Debug|Win32
		{9A89B7F6-7869-4AE0-95B3-BA3816394F88}.Debug|Win32.Build.0 = Debug|Win32
		{9A89B7F6-7869-4AE0-95B3-BA3816394F88}.Debug|Win32.Deploy.0 = Debug|Win32
		{9A89B7F6-7869-4AE0-95B3-BA3816394F88}.Debug|x64.ActiveCfg = Debug|x64
		{9A89B7F6-7869-4AE0-95B3-BA3816394F88}.Debug|x64.Build.0 = Debug|x64
		{9A89B7F6-7869-4AE0-95B3-BA3816394F88}.Debug|x64.Deploy.0 = Debug|x64
		{9A89B7F6-7869-4AE0-95B3-BA3816394F88}.Release|Win32.ActiveCfg = Release|Win32
		{9A89B7F6-7869-4AE0-95B3-BA3816394F88}.Release|Win32.Build.0 = Release|Win32
		{9A89B7F6-7869-4AE0-95B3-BA3816394F88}.Release|Win32.Deploy.0 = Release|Win32
		{9A89B7F6-7869-4AE0-95B3-BA3816394F88}.Release|x64.ActiveCfg = Release|x64
		{9A89B7F6-7869-4AE0-95B3-BA3816394F88}.Release|x64.Build.0 = Release|x64
		{9A89B7F6-7869-4AE0-95B3-BA3816394F88}.Release|x64.Deploy.0 = Release|x64
		{7F6E73A3-4656-40BC-824C-4E7EE79E7ADB}.Debug|Win32.ActiveCfg = Debug|Win32
		{7F6E73A3-4656-40BC-824C-4E7EE79E7ADB}.Debug|Win32.Build.0 = Debug|Win32
		{7F6E73A3-4656-40BC-824C-4E7EE79E7ADB}.Debug|Win32.Deploy.0 = Debug|Win32
		{7F6E73A3-4656-40BC-824C-4E7EE79E7ADB}.Debug|x64.ActiveCfg = Debug|x64
		{7F6E73A3-4656-40BC-824C-4E7EE79E7ADB}.Debug|x64.Build.0 = Debug|x64
		{7F6E73A3-4656-40BC-824C-4E7EE79E7ADB}.Debug|x64.Deploy.0 = Debug|x64
		{7F6E73A3-4656-40BC-824C-4E7EE79E7ADB}.Release|Win32.ActiveCfg = Release|Win32
		{7F6E73A3-4656-40BC-824C-4E7EE79E7ADB}.Release|Win32.Build.0 = Release|Win32
		{7F6E73A3-4656-40BC-824C-4E7EE79E7ADB}.Release|Win32.Deploy.0 = Release|Win32
		{7F6E73A3-4656-40BC-824C-4E7EE79E7ADB}.Release|x64.ActiveCfg = Release|x64
		{7F6E73A3-4656-40BC-824C-4E7EE79E7ADB}.Release|x64.Build.0 = Release|x64
		{7F6E73A3-4656-40BC-824C-4E7EE79E7ADB}.Release|x64.Deploy.0 = Release|x64
	EndGlobalSection
	GlobalSection(SolutionProperties) = preSolution
		HideSolutionNode = FALSE
	EndGlobalSection
EndGlobal
