
Microsoft Visual Studio Solution File, Format Version 11.00
# Visual Studio 15
Project("{8BC9CEB8-8B4A-11D0-8D11-00A0C91BC942}") = "3d", "3d.vcxproj", "{02DE05E7-DFDC-4474-84A9-2A3E8E35B955}"
EndProject
Project("{8BC9CEB8-8B4A-11D0-8D11-00A0C91BC942}") = "3d_multi", "3d_multi.vcxproj", "{42FB2CE3-9A34-4783-B170-B2DB47502FAB}"
EndProject
Project("{8BC9CEB8-8B4A-11D0-8D11-00A0C91BC942}") = "event_parameter", "event_parameter.vcxproj", "{79938A8A-5D1B-4A82-9402-0C9D05F31669}"
EndProject
Project("{8BC9CEB8-8B4A-11D0-8D11-00A0C91BC942}") = "load_banks", "load_banks.vcxproj", "{08DAB319-A549-44CE-9797-A0DB096B26E4}"
EndProject
Project("{8BC9CEB8-8B4A-11D0-8D11-00A0C91BC942}") = "music_callbacks", "music_callbacks.vcxproj", "{34E2E54E-8E1F-4CE0-857C-B14CAD3FB2EE}"
EndProject
Project("{8BC9CEB8-8B4A-11D0-8D11-00A0C91BC942}") = "objectpan", "objectpan.vcxproj", "{DC151D0A-7639-4D84-A644-7DF645CCF094}"
EndProject
Project("{8BC9CEB8-8B4A-11D0-8D11-00A0C91BC942}") = "programmer_sound", "programmer_sound.vcxproj", "{0219CF1F-79FE-4D69-9196-03461D6B815E}"
EndProject
Project("{8BC9CEB8-8B4A-11D0-8D11-00A0C91BC942}") = "recording_playback", "recording_playback.vcxproj", "{6D2A6A1E-38FE-4DA9-81E4-33278FBF3339}"
EndProject
Project("{8BC9CEB8-8B4A-11D0-8D11-00A0C91BC942}") = "simple_event", "simple_event.vcxproj", "{341435AD-C1C7-4FF9-9CEB-90F7C0B27527}"
EndProject
Global
	GlobalSection(SolutionConfigurationPlatforms) = preSolution
		Debug|Win32 = Debug|Win32
		Debug|x64 = Debug|x64
		Release|Win32 = Release|Win32
		Release|x64 = Release|x64
	EndGlobalSection
	GlobalSection(ProjectConfigurationPlatforms) = postSolution
		{02DE05E7-DFDC-4474-84A9-2A3E8E35B955}.Debug|Win32.ActiveCfg = Debug|Win32
		{02DE05E7-DFDC-4474-84A9-2A3E8E35B955}.Debug|Win32.Build.0 = Debug|Win32
		{02DE05E7-DFDC-4474-84A9-2A3E8E35B955}.Debug|Win32.Deploy.0 = Debug|Win32
		{02DE05E7-DFDC-4474-84A9-2A3E8E35B955}.Debug|x64.ActiveCfg = Debug|x64
		{02DE05E7-DFDC-4474-84A9-2A3E8E35B955}.Debug|x64.Build.0 = Debug|x64
		{02DE05E7-DFDC-4474-84A9-2A3E8E35B955}.Debug|x64.Deploy.0 = Debug|x64
		{02DE05E7-DFDC-4474-84A9-2A3E8E35B955}.Release|Win32.ActiveCfg = Release|Win32
		{02DE05E7-DFDC-4474-84A9-2A3E8E35B955}.Release|Win32.Build.0 = Release|Win32
		{02DE05E7-DFDC-4474-84A9-2A3E8E35B955}.Release|Win32.Deploy.0 = Release|Win32
		{02DE05E7-DFDC-4474-84A9-2A3E8E35B955}.Release|x64.ActiveCfg = Release|x64
		{02DE05E7-DFDC-4474-84A9-2A3E8E35B955}.Release|x64.Build.0 = Release|x64
		{02DE05E7-DFDC-4474-84A9-2A3E8E35B955}.Release|x64.Deploy.0 = Release|x64
		{42FB2CE3-9A34-4783-B170-B2DB47502FAB}.Debug|Win32.ActiveCfg = Debug|Win32
		{42FB2CE3-9A34-4783-B170-B2DB47502FAB}.Debug|Win32.Build.0 = Debug|Win32
		{42FB2CE3-9A34-4783-B170-B2DB47502FAB}.Debug|Win32.Deploy.0 = Debug|Win32
		{42FB2CE3-9A34-4783-B170-B2DB47502FAB}.Debug|x64.ActiveCfg = Debug|x64
		{42FB2CE3-9A34-4783-B170-B2DB47502FAB}.Debug|x64.Build.0 = Debug|x64
		{42FB2CE3-9A34-4783-B170-B2DB47502FAB}.Debug|x64.Deploy.0 = Debug|x64
		{42FB2CE3-9A34-4783-B170-B2DB47502FAB}.Release|Win32.ActiveCfg = Release|Win32
		{42FB2CE3-9A34-4783-B170-B2DB47502FAB}.Release|Win32.Build.0 = Release|Win32
		{42FB2CE3-9A34-4783-B170-B2DB47502FAB}.Release|Win32.Deploy.0 = Release|Win32
		{42FB2CE3-9A34-4783-B170-B2DB47502FAB}.Release|x64.ActiveCfg = Release|x64
		{42FB2CE3-9A34-4783-B170-B2DB47502FAB}.Release|x64.Build.0 = Release|x64
		{42FB2CE3-9A34-4783-B170-B2DB47502FAB}.Release|x64.Deploy.0 = Release|x64
		{79938A8A-5D1B-4A82-9402-0C9D05F31669}.Debug|Win32.ActiveCfg = Debug|Win32
		{79938A8A-5D1B-4A82-9402-0C9D05F31669}.Debug|Win32.Build.0 = Debug|Win32
		{79938A8A-5D1B-4A82-9402-0C9D05F31669}.Debug|Win32.Deploy.0 = Debug|Win32
		{79938A8A-5D1B-4A82-9402-0C9D05F31669}.Debug|x64.ActiveCfg = Debug|x64
		{79938A8A-5D1B-4A82-9402-0C9D05F31669}.Debug|x64.Build.0 = Debug|x64
		{79938A8A-5D1B-4A82-9402-0C9D05F31669}.Debug|x64.Deploy.0 = Debug|x64
		{79938A8A-5D1B-4A82-9402-0C9D05F31669}.Release|Win32.ActiveCfg = Release|Win32
		{79938A8A-5D1B-4A82-9402-0C9D05F31669}.Release|Win32.Build.0 = Release|Win32
		{79938A8A-5D1B-4A82-9402-0C9D05F31669}.Release|Win32.Deploy.0 = Release|Win32
		{79938A8A-5D1B-4A82-9402-0C9D05F31669}.Release|x64.ActiveCfg = Release|x64
		{79938A8A-5D1B-4A82-9402-0C9D05F31669}.Release|x64.Build.0 = Release|x64
		{79938A8A-5D1B-4A82-9402-0C9D05F31669}.Release|x64.Deploy.0 = Release|x64
		{08DAB319-A549-44CE-9797-A0DB096B26E4}.Debug|Win32.ActiveCfg = Debug|Win32
		{08DAB319-A549-44CE-9797-A0DB096B26E4}.Debug|Win32.Build.0 = Debug|Win32
		{08DAB319-A549-44CE-9797-A0DB096B26E4}.Debug|Win32.Deploy.0 = Debug|Win32
		{08DAB319-A549-44CE-9797-A0DB096B26E4}.Debug|x64.ActiveCfg = Debug|x64
		{08DAB319-A549-44CE-9797-A0DB096B26E4}.Debug|x64.Build.0 = Debug|x64
		{08DAB319-A549-44CE-9797-A0DB096B26E4}.Debug|x64.Deploy.0 = Debug|x64
		{08DAB319-A549-44CE-9797-A0DB096B26E4}.Release|Win32.ActiveCfg = Release|Win32
		{08DAB319-A549-44CE-9797-A0DB096B26E4}.Release|Win32.Build.0 = Release|Win32
		{08DAB319-A549-44CE-9797-A0DB096B26E4}.Release|Win32.Deploy.0 = Release|Win32
		{08DAB319-A549-44CE-9797-A0DB096B26E4}.Release|x64.ActiveCfg = Release|x64
		{08DAB319-A549-44CE-9797-A0DB096B26E4}.Release|x64.Build.0 = Release|x64
		{08DAB319-A549-44CE-9797-A0DB096B26E4}.Release|x64.Deploy.0 = Release|x64
		{34E2E54E-8E1F-4CE0-857C-B14CAD3FB2EE}.Debug|Win32.ActiveCfg = Debug|Win32
		{34E2E54E-8E1F-4CE0-857C-B14CAD3FB2EE}.Debug|Win32.Build.0 = Debug|Win32
		{34E2E54E-8E1F-4CE0-857C-B14CAD3FB2EE}.Debug|Win32.Deploy.0 = Debug|Win32
		{34E2E54E-8E1F-4CE0-857C-B14CAD3FB2EE}.Debug|x64.ActiveCfg = Debug|x64
		{34E2E54E-8E1F-4CE0-857C-B14CAD3FB2EE}.Debug|x64.Build.0 = Debug|x64
		{34E2E54E-8E1F-4CE0-857C-B14CAD3FB2EE}.Debug|x64.Deploy.0 = Debug|x64
		{34E2E54E-8E1F-4CE0-857C-B14CAD3FB2EE}.Release|Win32.ActiveCfg = Release|Win32
		{34E2E54E-8E1F-4CE0-857C-B14CAD3FB2EE}.Release|Win32.Build.0 = Release|Win32
		{34E2E54E-8E1F-4CE0-857C-B14CAD3FB2EE}.Release|Win32.Deploy.0 = Release|Win32
		{34E2E54E-8E1F-4CE0-857C-B14CAD3FB2EE}.Release|x64.ActiveCfg = Release|x64
		{34E2E54E-8E1F-4CE0-857C-B14CAD3FB2EE}.Release|x64.Build.0 = Release|x64
		{34E2E54E-8E1F-4CE0-857C-B14CAD3FB2EE}.Release|x64.Deploy.0 = Release|x64
		{DC151D0A-7639-4D84-A644-7DF645CCF094}.Debug|Win32.ActiveCfg = Debug|Win32
		{DC151D0A-7639-4D84-A644-7DF645CCF094}.Debug|Win32.Build.0 = Debug|Win32
		{DC151D0A-7639-4D84-A644-7DF645CCF094}.Debug|Win32.Deploy.0 = Debug|Win32
		{DC151D0A-7639-4D84-A644-7DF645CCF094}.Debug|x64.ActiveCfg = Debug|x64
		{DC151D0A-7639-4D84-A644-7DF645CCF094}.Debug|x64.Build.0 = Debug|x64
		{DC151D0A-7639-4D84-A644-7DF645CCF094}.Debug|x64.Deploy.0 = Debug|x64
		{DC151D0A-7639-4D84-A644-7DF645CCF094}.Release|Win32.ActiveCfg = Release|Win32
		{DC151D0A-7639-4D84-A644-7DF645CCF094}.Release|Win32.Build.0 = Release|Win32
		{DC151D0A-7639-4D84-A644-7DF645CCF094}.Release|Win32.Deploy.0 = Release|Win32
		{DC151D0A-7639-4D84-A644-7DF645CCF094}.Release|x64.ActiveCfg = Release|x64
		{DC151D0A-7639-4D84-A644-7DF645CCF094}.Release|x64.Build.0 = Release|x64
		{DC151D0A-7639-4D84-A644-7DF645CCF094}.Release|x64.Deploy.0 = Release|x64
		{0219CF1F-79FE-4D69-9196-03461D6B815E}.Debug|Win32.ActiveCfg = Debug|Win32
		{0219CF1F-79FE-4D69-9196-03461D6B815E}.Debug|Win32.Build.0 = Debug|Win32
		{0219CF1F-79FE-4D69-9196-03461D6B815E}.Debug|Win32.Deploy.0 = Debug|Win32
		{0219CF1F-79FE-4D69-9196-03461D6B815E}.Debug|x64.ActiveCfg = Debug|x64
		{0219CF1F-79FE-4D69-9196-03461D6B815E}.Debug|x64.Build.0 = Debug|x64
		{0219CF1F-79FE-4D69-9196-03461D6B815E}.Debug|x64.Deploy.0 = Debug|x64
		{0219CF1F-79FE-4D69-9196-03461D6B815E}.Release|Win32.ActiveCfg = Release|Win32
		{0219CF1F-79FE-4D69-9196-03461D6B815E}.Release|Win32.Build.0 = Release|Win32
		{0219CF1F-79FE-4D69-9196-03461D6B815E}.Release|Win32.Deploy.0 = Release|Win32
		{0219CF1F-79FE-4D69-9196-03461D6B815E}.Release|x64.ActiveCfg = Release|x64
		{0219CF1F-79FE-4D69-9196-03461D6B815E}.Release|x64.Build.0 = Release|x64
		{0219CF1F-79FE-4D69-9196-03461D6B815E}.Release|x64.Deploy.0 = Release|x64
		{6D2A6A1E-38FE-4DA9-81E4-33278FBF3339}.Debug|Win32.ActiveCfg = Debug|Win32
		{6D2A6A1E-38FE-4DA9-81E4-33278FBF3339}.Debug|Win32.Build.0 = Debug|Win32
		{6D2A6A1E-38FE-4DA9-81E4-33278FBF3339}.Debug|Win32.Deploy.0 = Debug|Win32
		{6D2A6A1E-38FE-4DA9-81E4-33278FBF3339}.Debug|x64.ActiveCfg = Debug|x64
		{6D2A6A1E-38FE-4DA9-81E4-33278FBF3339}.Debug|x64.Build.0 = Debug|x64
		{6D2A6A1E-38FE-4DA9-81E4-33278FBF3339}.Debug|x64.Deploy.0 = Debug|x64
		{6D2A6A1E-38FE-4DA9-81E4-33278FBF3339}.Release|Win32.ActiveCfg = Release|Win32
		{6D2A6A1E-38FE-4DA9-81E4-33278FBF3339}.Release|Win32.Build.0 = Release|Win32
		{6D2A6A1E-38FE-4DA9-81E4-33278FBF3339}.Release|Win32.Deploy.0 = Release|Win32
		{6D2A6A1E-38FE-4DA9-81E4-33278FBF3339}.Release|x64.ActiveCfg = Release|x64
		{6D2A6A1E-38FE-4DA9-81E4-33278FBF3339}.Release|x64.Build.0 = Release|x64
		{6D2A6A1E-38FE-4DA9-81E4-33278FBF3339}.Release|x64.Deploy.0 = Release|x64
		{341435AD-C1C7-4FF9-9CEB-90F7C0B27527}.Debug|Win32.ActiveCfg = Debug|Win32
		{341435AD-C1C7-4FF9-9CEB-90F7C0B27527}.Debug|Win32.Build.0 = Debug|Win32
		{341435AD-C1C7-4FF9-9CEB-90F7C0B27527}.Debug|Win32.Deploy.0 = Debug|Win32
		{341435AD-C1C7-4FF9-9CEB-90F7C0B27527}.Debug|x64.ActiveCfg = Debug|x64
		{341435AD-C1C7-4FF9-9CEB-90F7C0B27527}.Debug|x64.Build.0 = Debug|x64
		{341435AD-C1C7-4FF9-9CEB-90F7C0B27527}.Debug|x64.Deploy.0 = Debug|x64
		{341435AD-C1C7-4FF9-9CEB-90F7C0B27527}.Release|Win32.ActiveCfg = Release|Win32
		{341435AD-C1C7-4FF9-9CEB-90F7C0B27527}.Release|Win32.Build.0 = Release|Win32
		{341435AD-C1C7-4FF9-9CEB-90F7C0B27527}.Release|Win32.Deploy.0 = Release|Win32
		{341435AD-C1C7-4FF9-9CEB-90F7C0B27527}.Release|x64.ActiveCfg = Release|x64
		{341435AD-C1C7-4FF9-9CEB-90F7C0B27527}.Release|x64.Build.0 = Release|x64
		{341435AD-C1C7-4FF9-9CEB-90F7C0B27527}.Release|x64.Deploy.0 = Release|x64
	EndGlobalSection
	GlobalSection(SolutionProperties) = preSolution
		HideSolutionNode = FALSE
	EndGlobalSection
EndGlobal
